
Microsoft Visual Studio Solution File, Format Version 12.00
# Visual Studio 15
VisualStudioVersion = 15.0.28307.271
MinimumVisualStudioVersion = 10.0.40219.1
Project("{FAE04EC0-301F-11D3-BF4B-00C04F79EFBC}") = "main", "main.csproj", "{862A92CB-7F2B-4F9A-AC65-D8947115F9C5}"
EndProject
Global
	GlobalSection(SolutionConfigurationPlatforms) = preSolution
		Debug|Any CPU = Debug|Any CPU
		Release|Any CPU = Release|Any CPU
	EndGlobalSection
	GlobalSection(ProjectConfigurationPlatforms) = postSolution
		{862A92CB-7F2B-4F9A-AC65-D8947115F9C5}.Debug|Any CPU.ActiveCfg = Debug|Any CPU
		{862A92CB-7F2B-4F9A-AC65-D8947115F9C5}.Debug|Any CPU.Build.0 = Debug|Any CPU
		{862A92CB-7F2B-4F9A-AC65-D8947115F9C5}.Release|Any CPU.ActiveCfg = Release|Any CPU
		{862A92CB-7F2B-4F9A-AC65-D8947115F9C5}.Release|Any CPU.Build.0 = Release|Any CPU
	EndGlobalSection
	GlobalSection(SolutionProperties) = preSolution
		HideSolutionNode = FALSE
	EndGlobalSection
	GlobalSection(ExtensibilityGlobals) = postSolution
		SolutionGuid = {3D3FFD17-9A62-4784-B695-D23BECE81441}
	EndGlobalSection
EndGlobal
